<Solution>
  <Project Path="Blocks.Sessions.Common.csproj" />
  <Project Path="Assembly-CSharp.csproj" />
  <Project Path="FMODUnityResonanceEditor.csproj" />
  <Project Path="FMODUnityEditor.csproj" />
  <Project Path="FMODUnity.csproj" />
  <Project Path="FMODUnityHaptics.csproj" />
  <Project Path="Blocks.Sessions.csproj" />
  <Project Path="FMODUnityResonance.csproj" />
  <Project Path="Blocks.Common.csproj" />
</Solution>
